Microsoft Visual Studio Solution File, Format Version 12.00
# Visual Studio 15
VisualStudioVersion = 15.0.27130.2026
MinimumVisualStudioVersion = 10.0.40219.1
Project("{9A19103F-16F7-4668-BE54-9A1E7A4F7556}") = "Mcma.Core", "Core\Mcma.Core\Mcma.Core.csproj", "{FDBB7831-4AD7-4921-9D22-6071B36FD76D}"
EndProject
Project("{9A19103F-16F7-4668-BE54-9A1E7A4F7556}") = "Mcma.Server", "Core\Mcma.Server\Mcma.Server.csproj", "{7FDF10DC-CAA2-440E-9971-2760289FDF1E}"
EndProject
Project("{2150E333-8FDC-42A3-9474-1A3956D46DE8}") = "1_Core", "1_Core", "{840D1A93-FBF7-450A-9C0E-5666FD42CEEE}"
EndProject
Project("{2150E333-8FDC-42A3-9474-1A3956D46DE8}") = "4_Implementations", "4_Implementations", "{3A3CD7CF-8DAE-44AE-9042-F609B10D030A}"
EndProject
Project("{9A19103F-16F7-4668-BE54-9A1E7A4F7556}") = "Mcma.Aws", "Providers\Aws\Mcma.Aws\Mcma.Aws.csproj", "{301898EE-2F46-40E4-8575-09D5C102EB35}"
EndProject
Project("{2150E333-8FDC-42A3-9474-1A3956D46DE8}") = "2_Services", "2_Services", "{FACB1C9F-2C28-4288-B5C4-A29B5FCEAA44}"
EndProject
Project("{2150E333-8FDC-42A3-9474-1A3956D46DE8}") = "AWS", "AWS", "{9DCA551B-141E-4DA6-A3C4-FEF9E0196E4A}"
EndProject
Project("{2150E333-8FDC-42A3-9474-1A3956D46DE8}") = "Azure", "Azure", "{EA660970-ADD0-4CC1-BE09-7CA29BAA19D3}"
EndProject
Project("{9A19103F-16F7-4668-BE54-9A1E7A4F7556}") = "Mcma.Services.Ame.MediaInfo", "Services\Mcma.Services.Ame.MediaInfo\Mcma.Services.Ame.MediaInfo.csproj", "{C47F205D-FC95-4B4E-9712-1D7D2980CC09}"
EndProject
Project("{9A19103F-16F7-4668-BE54-9A1E7A4F7556}") = "Mcma.Services.Jobs.JobRepository", "Services\Mcma.Services.Jobs.JobRepository\Mcma.Services.Jobs.JobRepository.csproj", "{AD2F4CB7-3613-4966-A06D-04270AC8F539}"
EndProject
Project("{9A19103F-16F7-4668-BE54-9A1E7A4F7556}") = "Mcma.Services.Jobs.JobProcessor", "Services\Mcma.Services.Jobs.JobProcessor\Mcma.Services.Jobs.JobProcessor.csproj", "{600F0C19-EDC6-4963-A99E-F038E2B7EB60}"
EndProject
Project("{9A19103F-16F7-4668-BE54-9A1E7A4F7556}") = "Mcma.Services.Jobs.WorkerFunctions", "Services\Mcma.Services.Jobs.WorkerFunctions\Mcma.Services.Jobs.WorkerFunctions.csproj", "{3A05DE10-8672-4EA7-AEE8-F00ECCC612C7}"
EndProject
Project("{9A19103F-16F7-4668-BE54-9A1E7A4F7556}") = "Mcma.Aws.Services.Ame.MediaInfo", "Providers\Aws\Mcma.Aws.Services.Ame.MediaInfo\Mcma.Aws.Services.Ame.MediaInfo.csproj", "{1334887C-49AA-4D04-8FDA-9C5435ABAA80}"
EndProject
Project("{9A19103F-16F7-4668-BE54-9A1E7A4F7556}") = "Mcma.Services.ServiceRegistry", "Services\Mcma.Services.ServiceRegistry\Mcma.Services.ServiceRegistry.csproj", "{8E7CBE97-ACC2-4728-8F0D-9C918A148A08}"
EndProject
Project("{9A19103F-16F7-4668-BE54-9A1E7A4F7556}") = "Mcma.Aws.Services.ServiceRegistry", "Providers\Aws\Mcma.Aws.Services.ServiceRegistry\Mcma.Aws.Services.ServiceRegistry.csproj", "{9DE08D96-5ED3-407A-BA51-834BFA3A199A}"
EndProject
Project("{9A19103F-16F7-4668-BE54-9A1E7A4F7556}") = "Mcma.Aws.Services.Jobs.JobRepository", "Providers\Aws\Mcma.Aws.Services.Jobs.JobRepository\Mcma.Aws.Services.Jobs.JobRepository.csproj", "{D6D4EFBD-A0E2-4CB7-8BD4-C05E7D646CC7}"
EndProject
Project("{9A19103F-16F7-4668-BE54-9A1E7A4F7556}") = "Mcma.Aws.Services.Jobs.JobProcessor", "Providers\Aws\Mcma.Aws.Services.Jobs.JobProcessor\Mcma.Aws.Services.Jobs.JobProcessor.csproj", "{5A6B3397-5989-4FFA-B910-E67D723A16DE}"
EndProject
Project("{2150E333-8FDC-42A3-9474-1A3956D46DE8}") = "Web API", "Web API", "{4E879AA7-D4E9-4DE9-A6ED-95A67AA04C7D}"
EndProject
Project("{9A19103F-16F7-4668-BE54-9A1E7A4F7556}") = "Mcma.WebApi.Services.ServiceRegistry", "Providers\WebApi\Mcma.WebApi.Services.ServiceRegistry\Mcma.WebApi.Services.ServiceRegistry.csproj", "{8755BE20-7731-42B9-8E8C-EFCD48641111}"
EndProject
Project("{9A19103F-16F7-4668-BE54-9A1E7A4F7556}") = "Mcma.WebApi", "Providers\WebApi\Mcma.WebApi\Mcma.WebApi.csproj", "{7E15B97C-89C8-486B-B3E3-6B0B12EC06DE}"
EndProject
Project("{9A19103F-16F7-4668-BE54-9A1E7A4F7556}") = "Mcma.Json", "Core\Mcma.Json\Mcma.Json.csproj", "{232B5F87-5EB0-4335-8DB2-8A687B73271E}"
EndProject
Project("{9A19103F-16F7-4668-BE54-9A1E7A4F7556}") = "Mcma.WebApi.Services.Ame.MediaInfo", "Providers\WebApi\Mcma.WebApi.Services.Ame.MediaInfo\Mcma.WebApi.Services.Ame.MediaInfo.csproj", "{447DE004-7CE1-4148-A02C-73E5BEB63989}"
EndProject
Project("{9A19103F-16F7-4668-BE54-9A1E7A4F7556}") = "Mcma.WebApi.Services.Jobs.JobProcessor", "Providers\WebApi\Mcma.WebApi.Services.Jobs.JobProcessor\Mcma.WebApi.Services.Jobs.JobProcessor.csproj", "{3D42FC99-54DC-4FE0-A39D-475CE7409D7F}"
EndProject
Project("{9A19103F-16F7-4668-BE54-9A1E7A4F7556}") = "Mcma.WebApi.Services.Jobs.JobRepository", "Providers\WebApi\Mcma.WebApi.Services.Jobs.JobRepository\Mcma.WebApi.Services.Jobs.JobRepository.csproj", "{B5670B2C-B82E-4EC4-9993-BD4A7F5C1390}"
EndProject
Project("{9A19103F-16F7-4668-BE54-9A1E7A4F7556}") = "Mcma.Azure", "Providers\Azure\Mcma.Azure\Mcma.Azure.csproj", "{1B0735A3-FEC3-4242-80C8-A7B6D6C243FF}"
EndProject
Project("{9A19103F-16F7-4668-BE54-9A1E7A4F7556}") = "Mcma.Azure.Services.ServiceRegistry", "Providers\Azure\Mcma.Azure.Services.ServiceRegistry\Mcma.Azure.Services.ServiceRegistry.csproj", "{1AEA8459-38A2-42FB-A6EC-93286EDE68BC}"
EndProject
Project("{2150E333-8FDC-42A3-9474-1A3956D46DE8}") = "3_Extensions", "3_Extensions", "{41F225D6-5825-407D-9333-1CB101A886B9}"
EndProject
Project("{2150E333-8FDC-42A3-9474-1A3956D46DE8}") = "Repositories", "Repositories", "{AFEAAD96-F24E-4435-A4A5-85660088ABDA}"
EndProject
Project("{2150E333-8FDC-42A3-9474-1A3956D46DE8}") = "Files", "Files", "{1D23DC0B-A642-45DD-9B82-B67B0ECC8CAE}"
EndProject
Project("{9A19103F-16F7-4668-BE54-9A1E7A4F7556}") = "Mcma.Extensions.Files.AzureFileStorage", "Extensions\Files\Mcma.Extensions.Files.AzureFileStorage\Mcma.Extensions.Files.AzureFileStorage.csproj", "{26110D7B-BDED-4A04-B585-2D510425E8DA}"
EndProject
Project("{9A19103F-16F7-4668-BE54-9A1E7A4F7556}") = "Mcma.Extensions.Files.S3", "Extensions\Files\Mcma.Extensions.Files.S3\Mcma.Extensions.Files.S3.csproj", "{5E8695EF-672D-4560-B35E-845ACE79FF48}"
EndProject
Project("{9A19103F-16F7-4668-BE54-9A1E7A4F7556}") = "Mcma.Extensions.Repositories.AzureTableStorage", "Extensions\Repositories\Mcma.Extensions.Repositories.AzureTableStorage\Mcma.Extensions.Repositories.AzureTableStorage.csproj", "{63D31A8B-D40E-42EF-8DA2-32F1364768DC}"
EndProject
Project("{9A19103F-16F7-4668-BE54-9A1E7A4F7556}") = "Mcma.Extensions.Repositories.DynamoDb", "Extensions\Repositories\Mcma.Extensions.Repositories.DynamoDb\Mcma.Extensions.Repositories.DynamoDb.csproj", "{32A3CCA4-B679-4E3E-B821-BD080B3E485C}"
EndProject
Project("{9A19103F-16F7-4668-BE54-9A1E7A4F7556}") = "Mcma.Extensions.Repositories.LiteDb", "Extensions\Repositories\Mcma.Extensions.Repositories.LiteDb\Mcma.Extensions.Repositories.LiteDb.csproj", "{F5028F47-A965-471B-A8BA-2DCE0A543CD4}"
EndProject
Project("{9A19103F-16F7-4668-BE54-9A1E7A4F7556}") = "Mcma.Azure.Services.Ame.MediaInfo", "Providers\Azure\Mcma.Azure.Services.Ame.MediaInfo\Mcma.Azure.Services.Ame.MediaInfo.csproj", "{F5B3728F-60F9-49FC-BA1C-7F5AEDA6C068}"
EndProject
Project("{9A19103F-16F7-4668-BE54-9A1E7A4F7556}") = "Mcma.Azure.Services.Jobs.JobRepository", "Providers\Azure\Mcma.Azure.Services.Jobs.JobRepository\Mcma.Azure.Services.Jobs.JobRepository.csproj", "{02903516-5A63-4FAC-9537-93E500C447D9}"
EndProject
Project("{9A19103F-16F7-4668-BE54-9A1E7A4F7556}") = "Mcma.Azure.Services.Jobs.JobProcessor", "Providers\Azure\Mcma.Azure.Services.Jobs.JobProcessor\Mcma.Azure.Services.Jobs.JobProcessor.csproj", "{7D237CED-F957-401D-AC09-3A07CF627A34}"
EndProject
Global
	GlobalSection(SolutionConfigurationPlatforms) = preSolution
		Debug|Any CPU = Debug|Any CPU
		Release|Any CPU = Release|Any CPU
	EndGlobalSection
	GlobalSection(ProjectConfigurationPlatforms) = postSolution
		{FDBB7831-4AD7-4921-9D22-6071B36FD76D}.Debug|Any CPU.ActiveCfg = Debug|Any CPU
		{FDBB7831-4AD7-4921-9D22-6071B36FD76D}.Debug|Any CPU.Build.0 = Debug|Any CPU
		{FDBB7831-4AD7-4921-9D22-6071B36FD76D}.Release|Any CPU.ActiveCfg = Release|Any CPU
		{FDBB7831-4AD7-4921-9D22-6071B36FD76D}.Release|Any CPU.Build.0 = Release|Any CPU
		{7FDF10DC-CAA2-440E-9971-2760289FDF1E}.Debug|Any CPU.ActiveCfg = Debug|Any CPU
		{7FDF10DC-CAA2-440E-9971-2760289FDF1E}.Debug|Any CPU.Build.0 = Debug|Any CPU
		{7FDF10DC-CAA2-440E-9971-2760289FDF1E}.Release|Any CPU.ActiveCfg = Release|Any CPU
		{7FDF10DC-CAA2-440E-9971-2760289FDF1E}.Release|Any CPU.Build.0 = Release|Any CPU
		{301898EE-2F46-40E4-8575-09D5C102EB35}.Debug|Any CPU.ActiveCfg = Debug|Any CPU
		{301898EE-2F46-40E4-8575-09D5C102EB35}.Debug|Any CPU.Build.0 = Debug|Any CPU
		{301898EE-2F46-40E4-8575-09D5C102EB35}.Release|Any CPU.ActiveCfg = Release|Any CPU
		{301898EE-2F46-40E4-8575-09D5C102EB35}.Release|Any CPU.Build.0 = Release|Any CPU
		{C47F205D-FC95-4B4E-9712-1D7D2980CC09}.Debug|Any CPU.ActiveCfg = Debug|Any CPU
		{C47F205D-FC95-4B4E-9712-1D7D2980CC09}.Debug|Any CPU.Build.0 = Debug|Any CPU
		{C47F205D-FC95-4B4E-9712-1D7D2980CC09}.Release|Any CPU.ActiveCfg = Release|Any CPU
		{C47F205D-FC95-4B4E-9712-1D7D2980CC09}.Release|Any CPU.Build.0 = Release|Any CPU
		{AD2F4CB7-3613-4966-A06D-04270AC8F539}.Debug|Any CPU.ActiveCfg = Debug|Any CPU
		{AD2F4CB7-3613-4966-A06D-04270AC8F539}.Debug|Any CPU.Build.0 = Debug|Any CPU
		{AD2F4CB7-3613-4966-A06D-04270AC8F539}.Release|Any CPU.ActiveCfg = Release|Any CPU
		{AD2F4CB7-3613-4966-A06D-04270AC8F539}.Release|Any CPU.Build.0 = Release|Any CPU
		{600F0C19-EDC6-4963-A99E-F038E2B7EB60}.Debug|Any CPU.ActiveCfg = Debug|Any CPU
		{600F0C19-EDC6-4963-A99E-F038E2B7EB60}.Debug|Any CPU.Build.0 = Debug|Any CPU
		{600F0C19-EDC6-4963-A99E-F038E2B7EB60}.Release|Any CPU.ActiveCfg = Release|Any CPU
		{600F0C19-EDC6-4963-A99E-F038E2B7EB60}.Release|Any CPU.Build.0 = Release|Any CPU
		{3A05DE10-8672-4EA7-AEE8-F00ECCC612C7}.Debug|Any CPU.ActiveCfg = Debug|Any CPU
		{3A05DE10-8672-4EA7-AEE8-F00ECCC612C7}.Debug|Any CPU.Build.0 = Debug|Any CPU
		{3A05DE10-8672-4EA7-AEE8-F00ECCC612C7}.Release|Any CPU.ActiveCfg = Release|Any CPU
		{3A05DE10-8672-4EA7-AEE8-F00ECCC612C7}.Release|Any CPU.Build.0 = Release|Any CPU
		{1334887C-49AA-4D04-8FDA-9C5435ABAA80}.Debug|Any CPU.ActiveCfg = Debug|Any CPU
		{1334887C-49AA-4D04-8FDA-9C5435ABAA80}.Debug|Any CPU.Build.0 = Debug|Any CPU
		{1334887C-49AA-4D04-8FDA-9C5435ABAA80}.Release|Any CPU.ActiveCfg = Release|Any CPU
		{1334887C-49AA-4D04-8FDA-9C5435ABAA80}.Release|Any CPU.Build.0 = Release|Any CPU
		{8E7CBE97-ACC2-4728-8F0D-9C918A148A08}.Debug|Any CPU.ActiveCfg = Debug|Any CPU
		{8E7CBE97-ACC2-4728-8F0D-9C918A148A08}.Debug|Any CPU.Build.0 = Debug|Any CPU
		{8E7CBE97-ACC2-4728-8F0D-9C918A148A08}.Release|Any CPU.ActiveCfg = Release|Any CPU
		{8E7CBE97-ACC2-4728-8F0D-9C918A148A08}.Release|Any CPU.Build.0 = Release|Any CPU
		{9DE08D96-5ED3-407A-BA51-834BFA3A199A}.Debug|Any CPU.ActiveCfg = Debug|Any CPU
		{9DE08D96-5ED3-407A-BA51-834BFA3A199A}.Debug|Any CPU.Build.0 = Debug|Any CPU
		{9DE08D96-5ED3-407A-BA51-834BFA3A199A}.Release|Any CPU.ActiveCfg = Release|Any CPU
		{9DE08D96-5ED3-407A-BA51-834BFA3A199A}.Release|Any CPU.Build.0 = Release|Any CPU
		{D6D4EFBD-A0E2-4CB7-8BD4-C05E7D646CC7}.Debug|Any CPU.ActiveCfg = Debug|Any CPU
		{D6D4EFBD-A0E2-4CB7-8BD4-C05E7D646CC7}.Debug|Any CPU.Build.0 = Debug|Any CPU
		{D6D4EFBD-A0E2-4CB7-8BD4-C05E7D646CC7}.Release|Any CPU.ActiveCfg = Release|Any CPU
		{D6D4EFBD-A0E2-4CB7-8BD4-C05E7D646CC7}.Release|Any CPU.Build.0 = Release|Any CPU
		{5A6B3397-5989-4FFA-B910-E67D723A16DE}.Debug|Any CPU.ActiveCfg = Debug|Any CPU
		{5A6B3397-5989-4FFA-B910-E67D723A16DE}.Debug|Any CPU.Build.0 = Debug|Any CPU
		{5A6B3397-5989-4FFA-B910-E67D723A16DE}.Release|Any CPU.ActiveCfg = Release|Any CPU
		{5A6B3397-5989-4FFA-B910-E67D723A16DE}.Release|Any CPU.Build.0 = Release|Any CPU
		{8755BE20-7731-42B9-8E8C-EFCD48641111}.Debug|Any CPU.ActiveCfg = Debug|Any CPU
		{8755BE20-7731-42B9-8E8C-EFCD48641111}.Debug|Any CPU.Build.0 = Debug|Any CPU
		{8755BE20-7731-42B9-8E8C-EFCD48641111}.Release|Any CPU.ActiveCfg = Release|Any CPU
		{8755BE20-7731-42B9-8E8C-EFCD48641111}.Release|Any CPU.Build.0 = Release|Any CPU
		{7E15B97C-89C8-486B-B3E3-6B0B12EC06DE}.Debug|Any CPU.ActiveCfg = Debug|Any CPU
		{7E15B97C-89C8-486B-B3E3-6B0B12EC06DE}.Debug|Any CPU.Build.0 = Debug|Any CPU
		{7E15B97C-89C8-486B-B3E3-6B0B12EC06DE}.Release|Any CPU.ActiveCfg = Release|Any CPU
		{7E15B97C-89C8-486B-B3E3-6B0B12EC06DE}.Release|Any CPU.Build.0 = Release|Any CPU
		{232B5F87-5EB0-4335-8DB2-8A687B73271E}.Debug|Any CPU.ActiveCfg = Debug|Any CPU
		{232B5F87-5EB0-4335-8DB2-8A687B73271E}.Debug|Any CPU.Build.0 = Debug|Any CPU
		{232B5F87-5EB0-4335-8DB2-8A687B73271E}.Release|Any CPU.ActiveCfg = Release|Any CPU
		{232B5F87-5EB0-4335-8DB2-8A687B73271E}.Release|Any CPU.Build.0 = Release|Any CPU
		{447DE004-7CE1-4148-A02C-73E5BEB63989}.Debug|Any CPU.ActiveCfg = Debug|Any CPU
		{447DE004-7CE1-4148-A02C-73E5BEB63989}.Debug|Any CPU.Build.0 = Debug|Any CPU
		{447DE004-7CE1-4148-A02C-73E5BEB63989}.Release|Any CPU.ActiveCfg = Release|Any CPU
		{447DE004-7CE1-4148-A02C-73E5BEB63989}.Release|Any CPU.Build.0 = Release|Any CPU
		{3D42FC99-54DC-4FE0-A39D-475CE7409D7F}.Debug|Any CPU.ActiveCfg = Debug|Any CPU
		{3D42FC99-54DC-4FE0-A39D-475CE7409D7F}.Debug|Any CPU.Build.0 = Debug|Any CPU
		{3D42FC99-54DC-4FE0-A39D-475CE7409D7F}.Release|Any CPU.ActiveCfg = Release|Any CPU
		{3D42FC99-54DC-4FE0-A39D-475CE7409D7F}.Release|Any CPU.Build.0 = Release|Any CPU
		{B5670B2C-B82E-4EC4-9993-BD4A7F5C1390}.Debug|Any CPU.ActiveCfg = Debug|Any CPU
		{B5670B2C-B82E-4EC4-9993-BD4A7F5C1390}.Debug|Any CPU.Build.0 = Debug|Any CPU
		{B5670B2C-B82E-4EC4-9993-BD4A7F5C1390}.Release|Any CPU.ActiveCfg = Release|Any CPU
		{B5670B2C-B82E-4EC4-9993-BD4A7F5C1390}.Release|Any CPU.Build.0 = Release|Any CPU
		{1B0735A3-FEC3-4242-80C8-A7B6D6C243FF}.Debug|Any CPU.ActiveCfg = Debug|Any CPU
		{1B0735A3-FEC3-4242-80C8-A7B6D6C243FF}.Debug|Any CPU.Build.0 = Debug|Any CPU
		{1B0735A3-FEC3-4242-80C8-A7B6D6C243FF}.Release|Any CPU.ActiveCfg = Release|Any CPU
		{1B0735A3-FEC3-4242-80C8-A7B6D6C243FF}.Release|Any CPU.Build.0 = Release|Any CPU
		{1AEA8459-38A2-42FB-A6EC-93286EDE68BC}.Debug|Any CPU.ActiveCfg = Debug|Any CPU
		{1AEA8459-38A2-42FB-A6EC-93286EDE68BC}.Debug|Any CPU.Build.0 = Debug|Any CPU
		{1AEA8459-38A2-42FB-A6EC-93286EDE68BC}.Release|Any CPU.ActiveCfg = Release|Any CPU
		{1AEA8459-38A2-42FB-A6EC-93286EDE68BC}.Release|Any CPU.Build.0 = Release|Any CPU
		{26110D7B-BDED-4A04-B585-2D510425E8DA}.Debug|Any CPU.ActiveCfg = Debug|Any CPU
		{26110D7B-BDED-4A04-B585-2D510425E8DA}.Debug|Any CPU.Build.0 = Debug|Any CPU
		{26110D7B-BDED-4A04-B585-2D510425E8DA}.Release|Any CPU.ActiveCfg = Release|Any CPU
		{26110D7B-BDED-4A04-B585-2D510425E8DA}.Release|Any CPU.Build.0 = Release|Any CPU
		{5E8695EF-672D-4560-B35E-845ACE79FF48}.Debug|Any CPU.ActiveCfg = Debug|Any CPU
		{5E8695EF-672D-4560-B35E-845ACE79FF48}.Debug|Any CPU.Build.0 = Debug|Any CPU
		{5E8695EF-672D-4560-B35E-845ACE79FF48}.Release|Any CPU.ActiveCfg = Release|Any CPU
		{5E8695EF-672D-4560-B35E-845ACE79FF48}.Release|Any CPU.Build.0 = Release|Any CPU
		{63D31A8B-D40E-42EF-8DA2-32F1364768DC}.Debug|Any CPU.ActiveCfg = Debug|Any CPU
		{63D31A8B-D40E-42EF-8DA2-32F1364768DC}.Debug|Any CPU.Build.0 = Debug|Any CPU
		{63D31A8B-D40E-42EF-8DA2-32F1364768DC}.Release|Any CPU.ActiveCfg = Release|Any CPU
		{63D31A8B-D40E-42EF-8DA2-32F1364768DC}.Release|Any CPU.Build.0 = Release|Any CPU
		{32A3CCA4-B679-4E3E-B821-BD080B3E485C}.Debug|Any CPU.ActiveCfg = Debug|Any CPU
		{32A3CCA4-B679-4E3E-B821-BD080B3E485C}.Debug|Any CPU.Build.0 = Debug|Any CPU
		{32A3CCA4-B679-4E3E-B821-BD080B3E485C}.Release|Any CPU.ActiveCfg = Release|Any CPU
		{32A3CCA4-B679-4E3E-B821-BD080B3E485C}.Release|Any CPU.Build.0 = Release|Any CPU
		{F5028F47-A965-471B-A8BA-2DCE0A543CD4}.Debug|Any CPU.ActiveCfg = Debug|Any CPU
		{F5028F47-A965-471B-A8BA-2DCE0A543CD4}.Debug|Any CPU.Build.0 = Debug|Any CPU
		{F5028F47-A965-471B-A8BA-2DCE0A543CD4}.Release|Any CPU.ActiveCfg = Release|Any CPU
		{F5028F47-A965-471B-A8BA-2DCE0A543CD4}.Release|Any CPU.Build.0 = Release|Any CPU
		{F5B3728F-60F9-49FC-BA1C-7F5AEDA6C068}.Debug|Any CPU.ActiveCfg = Debug|Any CPU
		{F5B3728F-60F9-49FC-BA1C-7F5AEDA6C068}.Debug|Any CPU.Build.0 = Debug|Any CPU
		{F5B3728F-60F9-49FC-BA1C-7F5AEDA6C068}.Release|Any CPU.ActiveCfg = Release|Any CPU
		{F5B3728F-60F9-49FC-BA1C-7F5AEDA6C068}.Release|Any CPU.Build.0 = Release|Any CPU
		{02903516-5A63-4FAC-9537-93E500C447D9}.Debug|Any CPU.ActiveCfg = Debug|Any CPU
		{02903516-5A63-4FAC-9537-93E500C447D9}.Debug|Any CPU.Build.0 = Debug|Any CPU
		{02903516-5A63-4FAC-9537-93E500C447D9}.Release|Any CPU.ActiveCfg = Release|Any CPU
		{02903516-5A63-4FAC-9537-93E500C447D9}.Release|Any CPU.Build.0 = Release|Any CPU
		{7D237CED-F957-401D-AC09-3A07CF627A34}.Debug|Any CPU.ActiveCfg = Debug|Any CPU
		{7D237CED-F957-401D-AC09-3A07CF627A34}.Debug|Any CPU.Build.0 = Debug|Any CPU
		{7D237CED-F957-401D-AC09-3A07CF627A34}.Release|Any CPU.ActiveCfg = Release|Any CPU
		{7D237CED-F957-401D-AC09-3A07CF627A34}.Release|Any CPU.Build.0 = Release|Any CPU
	EndGlobalSection
	GlobalSection(SolutionProperties) = preSolution
		HideSolutionNode = FALSE
	EndGlobalSection
	GlobalSection(NestedProjects) = preSolution
		{FDBB7831-4AD7-4921-9D22-6071B36FD76D} = {840D1A93-FBF7-450A-9C0E-5666FD42CEEE}
		{7FDF10DC-CAA2-440E-9971-2760289FDF1E} = {840D1A93-FBF7-450A-9C0E-5666FD42CEEE}
		{301898EE-2F46-40E4-8575-09D5C102EB35} = {9DCA551B-141E-4DA6-A3C4-FEF9E0196E4A}
		{9DCA551B-141E-4DA6-A3C4-FEF9E0196E4A} = {3A3CD7CF-8DAE-44AE-9042-F609B10D030A}
		{EA660970-ADD0-4CC1-BE09-7CA29BAA19D3} = {3A3CD7CF-8DAE-44AE-9042-F609B10D030A}
		{C47F205D-FC95-4B4E-9712-1D7D2980CC09} = {FACB1C9F-2C28-4288-B5C4-A29B5FCEAA44}
		{AD2F4CB7-3613-4966-A06D-04270AC8F539} = {FACB1C9F-2C28-4288-B5C4-A29B5FCEAA44}
		{600F0C19-EDC6-4963-A99E-F038E2B7EB60} = {FACB1C9F-2C28-4288-B5C4-A29B5FCEAA44}
		{3A05DE10-8672-4EA7-AEE8-F00ECCC612C7} = {FACB1C9F-2C28-4288-B5C4-A29B5FCEAA44}
		{1334887C-49AA-4D04-8FDA-9C5435ABAA80} = {9DCA551B-141E-4DA6-A3C4-FEF9E0196E4A}
		{8E7CBE97-ACC2-4728-8F0D-9C918A148A08} = {FACB1C9F-2C28-4288-B5C4-A29B5FCEAA44}
		{9DE08D96-5ED3-407A-BA51-834BFA3A199A} = {9DCA551B-141E-4DA6-A3C4-FEF9E0196E4A}
		{D6D4EFBD-A0E2-4CB7-8BD4-C05E7D646CC7} = {9DCA551B-141E-4DA6-A3C4-FEF9E0196E4A}
		{5A6B3397-5989-4FFA-B910-E67D723A16DE} = {9DCA551B-141E-4DA6-A3C4-FEF9E0196E4A}
		{4E879AA7-D4E9-4DE9-A6ED-95A67AA04C7D} = {3A3CD7CF-8DAE-44AE-9042-F609B10D030A}
		{8755BE20-7731-42B9-8E8C-EFCD48641111} = {4E879AA7-D4E9-4DE9-A6ED-95A67AA04C7D}
		{7E15B97C-89C8-486B-B3E3-6B0B12EC06DE} = {4E879AA7-D4E9-4DE9-A6ED-95A67AA04C7D}
		{232B5F87-5EB0-4335-8DB2-8A687B73271E} = {840D1A93-FBF7-450A-9C0E-5666FD42CEEE}
		{447DE004-7CE1-4148-A02C-73E5BEB63989} = {4E879AA7-D4E9-4DE9-A6ED-95A67AA04C7D}
		{3D42FC99-54DC-4FE0-A39D-475CE7409D7F} = {4E879AA7-D4E9-4DE9-A6ED-95A67AA04C7D}
		{B5670B2C-B82E-4EC4-9993-BD4A7F5C1390} = {4E879AA7-D4E9-4DE9-A6ED-95A67AA04C7D}
		{1B0735A3-FEC3-4242-80C8-A7B6D6C243FF} = {EA660970-ADD0-4CC1-BE09-7CA29BAA19D3}
		{1AEA8459-38A2-42FB-A6EC-93286EDE68BC} = {EA660970-ADD0-4CC1-BE09-7CA29BAA19D3}
		{AFEAAD96-F24E-4435-A4A5-85660088ABDA} = {41F225D6-5825-407D-9333-1CB101A886B9}
		{1D23DC0B-A642-45DD-9B82-B67B0ECC8CAE} = {41F225D6-5825-407D-9333-1CB101A886B9}
		{26110D7B-BDED-4A04-B585-2D510425E8DA} = {1D23DC0B-A642-45DD-9B82-B67B0ECC8CAE}
		{5E8695EF-672D-4560-B35E-845ACE79FF48} = {1D23DC0B-A642-45DD-9B82-B67B0ECC8CAE}
		{63D31A8B-D40E-42EF-8DA2-32F1364768DC} = {AFEAAD96-F24E-4435-A4A5-85660088ABDA}
		{32A3CCA4-B679-4E3E-B821-BD080B3E485C} = {AFEAAD96-F24E-4435-A4A5-85660088ABDA}
		{F5028F47-A965-471B-A8BA-2DCE0A543CD4} = {AFEAAD96-F24E-4435-A4A5-85660088ABDA}
		{F5B3728F-60F9-49FC-BA1C-7F5AEDA6C068} = {EA660970-ADD0-4CC1-BE09-7CA29BAA19D3}
		{02903516-5A63-4FAC-9537-93E500C447D9} = {EA660970-ADD0-4CC1-BE09-7CA29BAA19D3}
		{7D237CED-F957-401D-AC09-3A07CF627A34} = {EA660970-ADD0-4CC1-BE09-7CA29BAA19D3}
	EndGlobalSection
	GlobalSection(ExtensibilityGlobals) = postSolution
		SolutionGuid = {D3445F93-A656-4C90-8AC9-8376F46347D8}
	EndGlobalSection
EndGlobal
