
Microsoft Visual Studio Solution File, Format Version 12.00
# Visual Studio 15
VisualStudioVersion = 15.0.27703.2026
MinimumVisualStudioVersion = 10.0.40219.1
Project("{2150E333-8FDC-42A3-9474-1A3956D46DE8}") = "Repositories", "Repositories", "{6F5D34CB-9E79-4F14-B786-B21610B6B262}"
EndProject
Project("{2150E333-8FDC-42A3-9474-1A3956D46DE8}") = "Files", "Files", "{F966C248-A7F4-4F4A-A4AF-7B756C0EFD9C}"
EndProject
Project("{FAE04EC0-301F-11D3-BF4B-00C04F79EFBC}") = "Mcma.Extensions.Repositories.DynamoDb", "Repositories\Mcma.Extensions.Repositories.DynamoDb\Mcma.Extensions.Repositories.DynamoDb.csproj", "{DC2EEFEF-B91C-4871-B3B1-DAC729F7594F}"
EndProject
Project("{FAE04EC0-301F-11D3-BF4B-00C04F79EFBC}") = "Mcma.Extensions.Repositories.AzureTableStorage", "Repositories\Mcma.Extensions.Repositories.AzureTableStorage\Mcma.Extensions.Repositories.AzureTableStorage.csproj", "{ADE9DDF9-18C3-48F0-8EFB-50484A88F874}"
EndProject
Project("{FAE04EC0-301F-11D3-BF4B-00C04F79EFBC}") = "Mcma.Extensions.Files.S3", "Files\Mcma.Extensions.Files.S3\Mcma.Extensions.Files.S3.csproj", "{8B95D9A7-BF50-448E-B50B-62AD28369572}"
EndProject
Project("{FAE04EC0-301F-11D3-BF4B-00C04F79EFBC}") = "Mcma.Extensions.Files.AzureFileStorage", "Files\Mcma.Extensions.Files.AzureFileStorage\Mcma.Extensions.Files.AzureFileStorage.csproj", "{3ED2BF30-E3FE-483A-ACC1-4FBAE42D5EA6}"
EndProject
Project("{9A19103F-16F7-4668-BE54-9A1E7A4F7556}") = "Mcma.Extensions.Repositories.LiteDb", "Repositories\Mcma.Extensions.Repositories.LiteDb\Mcma.Extensions.Repositories.LiteDb.csproj", "{1D3AAB4C-0F04-4FFB-980E-5973CBB54DF7}"
EndProject
Global
	GlobalSection(SolutionConfigurationPlatforms) = preSolution
		Debug|Any CPU = Debug|Any CPU
		Release|Any CPU = Release|Any CPU
	EndGlobalSection
	GlobalSection(ProjectConfigurationPlatforms) = postSolution
		{DC2EEFEF-B91C-4871-B3B1-DAC729F7594F}.Debug|Any CPU.ActiveCfg = Debug|Any CPU
		{DC2EEFEF-B91C-4871-B3B1-DAC729F7594F}.Debug|Any CPU.Build.0 = Debug|Any CPU
		{DC2EEFEF-B91C-4871-B3B1-DAC729F7594F}.Release|Any CPU.ActiveCfg = Release|Any CPU
		{DC2EEFEF-B91C-4871-B3B1-DAC729F7594F}.Release|Any CPU.Build.0 = Release|Any CPU
		{ADE9DDF9-18C3-48F0-8EFB-50484A88F874}.Debug|Any CPU.ActiveCfg = Debug|Any CPU
		{ADE9DDF9-18C3-48F0-8EFB-50484A88F874}.Debug|Any CPU.Build.0 = Debug|Any CPU
		{ADE9DDF9-18C3-48F0-8EFB-50484A88F874}.Release|Any CPU.ActiveCfg = Release|Any CPU
		{ADE9DDF9-18C3-48F0-8EFB-50484A88F874}.Release|Any CPU.Build.0 = Release|Any CPU
		{8B95D9A7-BF50-448E-B50B-62AD28369572}.Debug|Any CPU.ActiveCfg = Debug|Any CPU
		{8B95D9A7-BF50-448E-B50B-62AD28369572}.Debug|Any CPU.Build.0 = Debug|Any CPU
		{8B95D9A7-BF50-448E-B50B-62AD28369572}.Release|Any CPU.ActiveCfg = Release|Any CPU
		{8B95D9A7-BF50-448E-B50B-62AD28369572}.Release|Any CPU.Build.0 = Release|Any CPU
		{3ED2BF30-E3FE-483A-ACC1-4FBAE42D5EA6}.Debug|Any CPU.ActiveCfg = Debug|Any CPU
		{3ED2BF30-E3FE-483A-ACC1-4FBAE42D5EA6}.Debug|Any CPU.Build.0 = Debug|Any CPU
		{3ED2BF30-E3FE-483A-ACC1-4FBAE42D5EA6}.Release|Any CPU.ActiveCfg = Release|Any CPU
		{3ED2BF30-E3FE-483A-ACC1-4FBAE42D5EA6}.Release|Any CPU.Build.0 = Release|Any CPU
		{1D3AAB4C-0F04-4FFB-980E-5973CBB54DF7}.Debug|Any CPU.ActiveCfg = Debug|Any CPU
		{1D3AAB4C-0F04-4FFB-980E-5973CBB54DF7}.Debug|Any CPU.Build.0 = Debug|Any CPU
		{1D3AAB4C-0F04-4FFB-980E-5973CBB54DF7}.Release|Any CPU.ActiveCfg = Release|Any CPU
		{1D3AAB4C-0F04-4FFB-980E-5973CBB54DF7}.Release|Any CPU.Build.0 = Release|Any CPU
	EndGlobalSection
	GlobalSection(SolutionProperties) = preSolution
		HideSolutionNode = FALSE
	EndGlobalSection
	GlobalSection(NestedProjects) = preSolution
		{DC2EEFEF-B91C-4871-B3B1-DAC729F7594F} = {6F5D34CB-9E79-4F14-B786-B21610B6B262}
		{ADE9DDF9-18C3-48F0-8EFB-50484A88F874} = {6F5D34CB-9E79-4F14-B786-B21610B6B262}
		{8B95D9A7-BF50-448E-B50B-62AD28369572} = {F966C248-A7F4-4F4A-A4AF-7B756C0EFD9C}
		{3ED2BF30-E3FE-483A-ACC1-4FBAE42D5EA6} = {F966C248-A7F4-4F4A-A4AF-7B756C0EFD9C}
		{1D3AAB4C-0F04-4FFB-980E-5973CBB54DF7} = {6F5D34CB-9E79-4F14-B786-B21610B6B262}
	EndGlobalSection
	GlobalSection(ExtensibilityGlobals) = postSolution
		SolutionGuid = {4414CE6C-8F1F-4DC7-9426-06E783ADAA17}
	EndGlobalSection
EndGlobal
