
Microsoft Visual Studio Solution File, Format Version 12.00
# Visual Studio 15
VisualStudioVersion = 15.0.27703.2026
MinimumVisualStudioVersion = 10.0.40219.1
Project("{9A19103F-16F7-4668-BE54-9A1E7A4F7556}") = "Mcma.Core", "Mcma.Core\Mcma.Core.csproj", "{10AE76F5-2FA8-42CD-9063-57D909B946DE}"
EndProject
Project("{9A19103F-16F7-4668-BE54-9A1E7A4F7556}") = "Mcma.Json", "Mcma.Json\Mcma.Json.csproj", "{A0B33397-4CAA-464F-9CDC-6D4549EE9C4C}"
EndProject
Project("{9A19103F-16F7-4668-BE54-9A1E7A4F7556}") = "Mcma.Server", "Mcma.Server\Mcma.Server.csproj", "{9A90AD0E-20BD-4948-941D-5353E6792B0C}"
EndProject
Global
	GlobalSection(SolutionConfigurationPlatforms) = preSolution
		Debug|Any CPU = Debug|Any CPU
		Release|Any CPU = Release|Any CPU
	EndGlobalSection
	GlobalSection(ProjectConfigurationPlatforms) = postSolution
		{10AE76F5-2FA8-42CD-9063-57D909B946DE}.Debug|Any CPU.ActiveCfg = Debug|Any CPU
		{10AE76F5-2FA8-42CD-9063-57D909B946DE}.Debug|Any CPU.Build.0 = Debug|Any CPU
		{10AE76F5-2FA8-42CD-9063-57D909B946DE}.Release|Any CPU.ActiveCfg = Release|Any CPU
		{10AE76F5-2FA8-42CD-9063-57D909B946DE}.Release|Any CPU.Build.0 = Release|Any CPU
		{A0B33397-4CAA-464F-9CDC-6D4549EE9C4C}.Debug|Any CPU.ActiveCfg = Debug|Any CPU
		{A0B33397-4CAA-464F-9CDC-6D4549EE9C4C}.Debug|Any CPU.Build.0 = Debug|Any CPU
		{A0B33397-4CAA-464F-9CDC-6D4549EE9C4C}.Release|Any CPU.ActiveCfg = Release|Any CPU
		{A0B33397-4CAA-464F-9CDC-6D4549EE9C4C}.Release|Any CPU.Build.0 = Release|Any CPU
		{9A90AD0E-20BD-4948-941D-5353E6792B0C}.Debug|Any CPU.ActiveCfg = Debug|Any CPU
		{9A90AD0E-20BD-4948-941D-5353E6792B0C}.Debug|Any CPU.Build.0 = Debug|Any CPU
		{9A90AD0E-20BD-4948-941D-5353E6792B0C}.Release|Any CPU.ActiveCfg = Release|Any CPU
		{9A90AD0E-20BD-4948-941D-5353E6792B0C}.Release|Any CPU.Build.0 = Release|Any CPU
	EndGlobalSection
	GlobalSection(SolutionProperties) = preSolution
		HideSolutionNode = FALSE
	EndGlobalSection
	GlobalSection(ExtensibilityGlobals) = postSolution
		SolutionGuid = {6F1B0332-904F-41F0-8F69-F5459206555E}
	EndGlobalSection
EndGlobal
