{
    "version": 3,
    "terraform_version": "0.11.3",
    "serial": 34,
    "lineage": "eabf74c4-c8ca-442c-83be-49048294b7e3",
    "modules": [
        {
            "path": [
                "root"
            ],
            "outputs": {},
            "resources": {},
            "depends_on": []
        },
        {
            "path": [
                "root",
                "service"
            ],
            "outputs": {},
            "resources": {
                "azurerm_app_service_plan.service_plan": {
                    "type": "azurerm_app_service_plan",
                    "depends_on": [
                        "azurerm_resource_group.resource_group",
                        "local.env_composite_name"
                    ],
                    "primary": {
                        "id": "/subscriptions/79d21867-c847-4bb1-ac8d-9d9883a6a542/resourceGroups/ServiceRegistry-Mcma-Dev/providers/Microsoft.Web/serverfarms/ServiceRegistry-Mcma-Dev-svcplan",
                        "attributes": {
                            "id": "/subscriptions/79d21867-c847-4bb1-ac8d-9d9883a6a542/resourceGroups/ServiceRegistry-Mcma-Dev/providers/Microsoft.Web/serverfarms/ServiceRegistry-Mcma-Dev-svcplan",
                            "kind": "functionapp",
                            "location": "eastus",
                            "maximum_number_of_workers": "0",
                            "name": "ServiceRegistry-Mcma-Dev-svcplan",
                            "properties.#": "1",
                            "properties.0.app_service_environment_id": "",
                            "properties.0.per_site_scaling": "false",
                            "properties.0.reserved": "false",
                            "resource_group_name": "ServiceRegistry-Mcma-Dev",
                            "sku.#": "1",
                            "sku.0.capacity": "0",
                            "sku.0.size": "Y1",
                            "sku.0.tier": "Dynamic",
                            "tags.%": "0"
                        },
                        "meta": {},
                        "tainted": false
                    },
                    "deposed": [],
                    "provider": "module.service.provider.azurerm"
                },
                "azurerm_application_insights.app_insights": {
                    "type": "azurerm_application_insights",
                    "depends_on": [
                        "azurerm_resource_group.resource_group",
                        "local.env_composite_name_lower_only"
                    ],
                    "primary": {
                        "id": "/subscriptions/79d21867-c847-4bb1-ac8d-9d9883a6a542/resourceGroups/ServiceRegistry-Mcma-Dev/providers/microsoft.insights/components/serviceregistrymcmadevfunction",
                        "attributes": {
                            "app_id": "e83afcfa-f79b-4489-a0e1-16b79aa7d76c",
                            "application_type": "Web",
                            "id": "/subscriptions/79d21867-c847-4bb1-ac8d-9d9883a6a542/resourceGroups/ServiceRegistry-Mcma-Dev/providers/microsoft.insights/components/serviceregistrymcmadevfunction",
                            "instrumentation_key": "36ea03bd-9bc9-4fa8-ac9d-39e83bd5661c",
                            "location": "eastus",
                            "name": "serviceregistrymcmadevfunction",
                            "resource_group_name": "ServiceRegistry-Mcma-Dev",
                            "tags.%": "0"
                        },
                        "meta": {},
                        "tainted": false
                    },
                    "deposed": [],
                    "provider": "module.service.provider.azurerm"
                },
                "azurerm_function_app.api_function": {
                    "type": "azurerm_function_app",
                    "depends_on": [
                        "azurerm_app_service_plan.service_plan",
                        "azurerm_application_insights.app_insights",
                        "azurerm_resource_group.resource_group",
                        "azurerm_storage_account.storage_account",
                        "azurerm_storage_blob.uploaded_zip",
                        "data.azurerm_storage_account_sas.storage_acct_sas",
                        "local.env_composite_name_lower_only"
                    ],
                    "primary": {
                        "id": "/subscriptions/79d21867-c847-4bb1-ac8d-9d9883a6a542/resourceGroups/ServiceRegistry-Mcma-Dev/providers/Microsoft.Web/sites/serviceregistrymcmadevfunction",
                        "attributes": {
                            "app_service_plan_id": "/subscriptions/79d21867-c847-4bb1-ac8d-9d9883a6a542/resourceGroups/ServiceRegistry-Mcma-Dev/providers/Microsoft.Web/serverfarms/ServiceRegistry-Mcma-Dev-svcplan",
                            "app_settings.%": "2",
                            "app_settings.APPINSIGHTS_INSTRUMENTATIONKEY": "36ea03bd-9bc9-4fa8-ac9d-39e83bd5661c",
                            "app_settings.WEBSITE_RUN_FROM_ZIP": "https://serviceregistrymcmadev.blob.core.windows.net/src-upload/function_20180613183545.zip?sv=2017-07-29\u0026ss=b\u0026srt=so\u0026sp=r\u0026se=2050-12-31\u0026st=2016-01-01\u0026spr=https\u0026sig=o2lEruD5wrDuNddYvHdjrX6ldqux%2BOogY3O1KVryzk0%3D",
                            "client_affinity_enabled": "false",
                            "connection_string.#": "0",
                            "default_hostname": "serviceregistrymcmadevfunction.azurewebsites.net",
                            "enabled": "true",
                            "https_only": "false",
                            "id": "/subscriptions/79d21867-c847-4bb1-ac8d-9d9883a6a542/resourceGroups/ServiceRegistry-Mcma-Dev/providers/Microsoft.Web/sites/serviceregistrymcmadevfunction",
                            "location": "eastus",
                            "name": "serviceregistrymcmadevfunction",
                            "outbound_ip_addresses": "13.82.168.226,13.82.172.198,13.82.169.88,13.82.172.14",
                            "resource_group_name": "ServiceRegistry-Mcma-Dev",
                            "site_config.#": "1",
                            "site_config.0.always_on": "false",
                            "site_config.0.use_32_bit_worker_process": "true",
                            "site_config.0.websockets_enabled": "false",
                            "storage_connection_string": "DefaultEndpointsProtocol=https;AccountName=serviceregistrymcmadev;AccountKey=ArBa17MDEGZRMPkGkXSITETkbEM6HK1vSrg6ep+M1rQKAemxsdrYuPwJ59DNZz0OFhnUb6bzVia5p33suVgtBw==;EndpointSuffix=core.windows.net",
                            "tags.%": "0",
                            "version": "beta"
                        },
                        "meta": {},
                        "tainted": false
                    },
                    "deposed": [],
                    "provider": "module.service.provider.azurerm"
                },
                "azurerm_resource_group.resource_group": {
                    "type": "azurerm_resource_group",
                    "depends_on": [
                        "local.env_composite_name"
                    ],
                    "primary": {
                        "id": "/subscriptions/79d21867-c847-4bb1-ac8d-9d9883a6a542/resourceGroups/ServiceRegistry-Mcma-Dev",
                        "attributes": {
                            "id": "/subscriptions/79d21867-c847-4bb1-ac8d-9d9883a6a542/resourceGroups/ServiceRegistry-Mcma-Dev",
                            "location": "eastus",
                            "name": "ServiceRegistry-Mcma-Dev",
                            "tags.%": "0"
                        },
                        "meta": {},
                        "tainted": false
                    },
                    "deposed": [],
                    "provider": "module.service.provider.azurerm"
                },
                "azurerm_storage_account.storage_account": {
                    "type": "azurerm_storage_account",
                    "depends_on": [
                        "azurerm_resource_group.resource_group",
                        "local.env_composite_name_lower_only"
                    ],
                    "primary": {
                        "id": "/subscriptions/79d21867-c847-4bb1-ac8d-9d9883a6a542/resourceGroups/ServiceRegistry-Mcma-Dev/providers/Microsoft.Storage/storageAccounts/serviceregistrymcmadev",
                        "attributes": {
                            "access_tier": "",
                            "account_encryption_source": "Microsoft.Storage",
                            "account_kind": "Storage",
                            "account_replication_type": "LRS",
                            "account_tier": "Standard",
                            "account_type": "Standard_LRS",
                            "enable_blob_encryption": "true",
                            "enable_file_encryption": "true",
                            "enable_https_traffic_only": "false",
                            "id": "/subscriptions/79d21867-c847-4bb1-ac8d-9d9883a6a542/resourceGroups/ServiceRegistry-Mcma-Dev/providers/Microsoft.Storage/storageAccounts/serviceregistrymcmadev",
                            "location": "eastus",
                            "name": "serviceregistrymcmadev",
                            "primary_access_key": "ArBa17MDEGZRMPkGkXSITETkbEM6HK1vSrg6ep+M1rQKAemxsdrYuPwJ59DNZz0OFhnUb6bzVia5p33suVgtBw==",
                            "primary_blob_connection_string": "DefaultEndpointsProtocol=https;BlobEndpoint=https://serviceregistrymcmadev.blob.core.windows.net/;AccountName=serviceregistrymcmadev;AccountKey=ArBa17MDEGZRMPkGkXSITETkbEM6HK1vSrg6ep+M1rQKAemxsdrYuPwJ59DNZz0OFhnUb6bzVia5p33suVgtBw==",
                            "primary_blob_endpoint": "https://serviceregistrymcmadev.blob.core.windows.net/",
                            "primary_connection_string": "DefaultEndpointsProtocol=https;AccountName=serviceregistrymcmadev;AccountKey=ArBa17MDEGZRMPkGkXSITETkbEM6HK1vSrg6ep+M1rQKAemxsdrYuPwJ59DNZz0OFhnUb6bzVia5p33suVgtBw==;EndpointSuffix=core.windows.net",
                            "primary_file_endpoint": "https://serviceregistrymcmadev.file.core.windows.net/",
                            "primary_location": "eastus",
                            "primary_queue_endpoint": "https://serviceregistrymcmadev.queue.core.windows.net/",
                            "primary_table_endpoint": "https://serviceregistrymcmadev.table.core.windows.net/",
                            "resource_group_name": "ServiceRegistry-Mcma-Dev",
                            "secondary_access_key": "Bxd18vpMDf37YEher2O5d/nl76284t2yuU2ABv5Y9HKSEFtbHtPnwK3UY3k94m4IHigxfLDjjiRxunUNAFwcjg==",
                            "secondary_connection_string": "DefaultEndpointsProtocol=https;AccountName=serviceregistrymcmadev;AccountKey=Bxd18vpMDf37YEher2O5d/nl76284t2yuU2ABv5Y9HKSEFtbHtPnwK3UY3k94m4IHigxfLDjjiRxunUNAFwcjg==;EndpointSuffix=core.windows.net",
                            "secondary_location": "",
                            "tags.%": "0"
                        },
                        "meta": {
                            "schema_version": "2"
                        },
                        "tainted": false
                    },
                    "deposed": [],
                    "provider": "module.service.provider.azurerm"
                },
                "azurerm_storage_blob.uploaded_zip": {
                    "type": "azurerm_storage_blob",
                    "depends_on": [
                        "azurerm_resource_group.resource_group",
                        "azurerm_storage_account.storage_account",
                        "azurerm_storage_container.upload_container"
                    ],
                    "primary": {
                        "id": "function_20180613183545.zip",
                        "attributes": {
                            "attempts": "1",
                            "id": "function_20180613183545.zip",
                            "name": "function_20180613183545.zip",
                            "parallelism": "8",
                            "resource_group_name": "ServiceRegistry-Mcma-Dev",
                            "size": "0",
                            "source": "C:\\Dev\\Misc\\Mcma.Core\\Mcma.Azure.Services.ServiceRegistry\\deploy\\terraform/../../bin/Release/netstandard2.0/azure/function_20180613183545.zip",
                            "storage_account_name": "serviceregistrymcmadev",
                            "storage_container_name": "src-upload",
                            "type": "block",
                            "url": "https://serviceregistrymcmadev.blob.core.windows.net/src-upload/function_20180613183545.zip"
                        },
                        "meta": {},
                        "tainted": false
                    },
                    "deposed": [],
                    "provider": "module.service.provider.azurerm"
                },
                "azurerm_storage_container.upload_container": {
                    "type": "azurerm_storage_container",
                    "depends_on": [
                        "azurerm_resource_group.resource_group",
                        "azurerm_storage_account.storage_account"
                    ],
                    "primary": {
                        "id": "src-upload",
                        "attributes": {
                            "container_access_type": "private",
                            "id": "src-upload",
                            "name": "src-upload",
                            "properties.%": "4",
                            "properties.last_modified": "Fri, 25 May 2018 20:33:23 GMT",
                            "properties.lease_duration": "",
                            "properties.lease_state": "available",
                            "properties.lease_status": "unlocked",
                            "resource_group_name": "ServiceRegistry-Mcma-Dev",
                            "storage_account_name": "serviceregistrymcmadev"
                        },
                        "meta": {},
                        "tainted": false
                    },
                    "deposed": [],
                    "provider": "module.service.provider.azurerm"
                },
                "data.azurerm_storage_account_sas.storage_acct_sas": {
                    "type": "azurerm_storage_account_sas",
                    "depends_on": [
                        "azurerm_storage_account.storage_account"
                    ],
                    "primary": {
                        "id": "87ed0fb5e655fc1e1cd8f437deb781055d0f5743f15f119838b43f4d1b8f6724",
                        "attributes": {
                            "connection_string": "DefaultEndpointsProtocol=https;AccountName=serviceregistrymcmadev;AccountKey=ArBa17MDEGZRMPkGkXSITETkbEM6HK1vSrg6ep+M1rQKAemxsdrYuPwJ59DNZz0OFhnUb6bzVia5p33suVgtBw==;EndpointSuffix=core.windows.net",
                            "expiry": "2050-12-31",
                            "https_only": "true",
                            "id": "87ed0fb5e655fc1e1cd8f437deb781055d0f5743f15f119838b43f4d1b8f6724",
                            "permissions.#": "1",
                            "permissions.0.add": "false",
                            "permissions.0.create": "false",
                            "permissions.0.delete": "false",
                            "permissions.0.list": "false",
                            "permissions.0.process": "false",
                            "permissions.0.read": "true",
                            "permissions.0.update": "false",
                            "permissions.0.write": "false",
                            "resource_types.#": "1",
                            "resource_types.0.container": "false",
                            "resource_types.0.object": "true",
                            "resource_types.0.service": "true",
                            "sas": "?sv=2017-07-29\u0026ss=b\u0026srt=so\u0026sp=r\u0026se=2050-12-31\u0026st=2016-01-01\u0026spr=https\u0026sig=o2lEruD5wrDuNddYvHdjrX6ldqux%2BOogY3O1KVryzk0%3D",
                            "services.#": "1",
                            "services.0.blob": "true",
                            "services.0.file": "false",
                            "services.0.queue": "false",
                            "services.0.table": "false",
                            "start": "2016-01-01"
                        },
                        "meta": {},
                        "tainted": false
                    },
                    "deposed": [],
                    "provider": "module.service.provider.azurerm"
                }
            },
            "depends_on": []
        }
    ]
}
